<?xml version="1.0" encoding="utf-8"?>
<Project ToolsVersion="4.0" xmlns="http://schemas.microsoft.com/developer/msbuild/2003">
  <ItemGroup>
    <Filter Include="Source Files">
      <UniqueIdentifier>{4FC737F1-C7A5-4376-A066-2A32D752A2FF}</UniqueIdentifier>
      <Extensions>cpp;c;cc;cxx;c++;cppm;ixx;def;odl;idl;hpj;bat;asm;asmx</Extensions>
    </Filter>
    <Filter Include="Header Files">
      <UniqueIdentifier>{93995380-89BD-4b04-88EB-625FBE52EBFB}</UniqueIdentifier>
      <Extensions>h;hh;hpp;hxx;h++;hm;inl;inc;ipp;xsd</Extensions>
    </Filter>
    <Filter Include="Resource Files">
      <UniqueIdentifier>{67DA6AB6-F800-4c08-8B7A-83BB121AAD01}</UniqueIdentifier>
      <Extensions>rc;ico;cur;bmp;dlg;rc2;rct;bin;rgs;gif;jpg;jpeg;jpe;resx;tiff;tif;png;wav;mfcribbon-ms</Extensions>
    </Filter>
    <Filter Include="Source Files\mem">
      <UniqueIdentifier>{0afef4d4-ff2f-4a92-b58f-80856a5e2c2c}</UniqueIdentifier>
    </Filter>
    <Filter Include="Header Files\mem">
      <UniqueIdentifier>{efb35273-6521-41a4-9dd4-524fad0396e8}</UniqueIdentifier>
    </Filter>
    <Filter Include="Header Files\logging">
      <UniqueIdentifier>{db659a34-23c8-47ea-ad8e-44063b2b0450}</UniqueIdentifier>
    </Filter>
    <Filter Include="Source Files\logging">
      <UniqueIdentifier>{e8fdfa98-3bb7-458d-9358-6404655aa407}</UniqueIdentifier>
    </Filter>
    <Filter Include="Header Files\exceptions">
      <UniqueIdentifier>{7fa1b18d-09e9-4596-b389-680bb8ab3e16}</UniqueIdentifier>
    </Filter>
    <Filter Include="Header Files\utils">
      <UniqueIdentifier>{5e387560-9f19-4113-b754-c99ffe4faa89}</UniqueIdentifier>
    </Filter>
    <Filter Include="Header Files\libs">
      <UniqueIdentifier>{fbff01d4-55d3-4471-b6da-50837d1cd519}</UniqueIdentifier>
    </Filter>
    <Filter Include="Header Files\libs\utf8">
      <UniqueIdentifier>{0be59cc0-776c-41df-a0f6-f8b5e7e4f727}</UniqueIdentifier>
    </Filter>
  </ItemGroup>
  <ItemGroup>
    <ClInclude Include="framework.h">
      <Filter>Header Files</Filter>
    </ClInclude>
    <ClInclude Include="pch.h">
      <Filter>Header Files</Filter>
    </ClInclude>
    <ClInclude Include="pointerpath.hpp">
      <Filter>Header Files</Filter>
    </ClInclude>
    <ClInclude Include="types.hpp">
      <Filter>Header Files</Filter>
    </ClInclude>
    <ClInclude Include="membox.hpp">
      <Filter>Header Files</Filter>
    </ClInclude>
    <ClInclude Include="logging\logger.hpp">
      <Filter>Header Files\logging</Filter>
    </ClInclude>
    <ClInclude Include="mem\proc.hpp">
      <Filter>Header Files\mem</Filter>
    </ClInclude>
    <ClInclude Include="mem\procmem.hpp">
      <Filter>Header Files\mem</Filter>
    </ClInclude>
    <ClInclude Include="utils\stringutils.hpp">
      <Filter>Header Files\utils</Filter>
    </ClInclude>
    <ClInclude Include="libs\utf8.h">
      <Filter>Header Files\libs</Filter>
    </ClInclude>
    <ClInclude Include="libs\utf8\checked.h">
      <Filter>Header Files\libs\utf8</Filter>
    </ClInclude>
    <ClInclude Include="libs\utf8\core.h">
      <Filter>Header Files\libs\utf8</Filter>
    </ClInclude>
    <ClInclude Include="libs\utf8\cpp11.h">
      <Filter>Header Files\libs\utf8</Filter>
    </ClInclude>
    <ClInclude Include="libs\utf8\cpp17.h">
      <Filter>Header Files\libs\utf8</Filter>
    </ClInclude>
    <ClInclude Include="libs\utf8\cpp20.h">
      <Filter>Header Files\libs\utf8</Filter>
    </ClInclude>
    <ClInclude Include="libs\utf8\unchecked.h">
      <Filter>Header Files\libs\utf8</Filter>
    </ClInclude>
    <ClInclude Include="exceptions\process_exceptions.hpp">
      <Filter>Header Files\exceptions</Filter>
    </ClInclude>
    <ClInclude Include="exceptions\exception.hpp">
      <Filter>Header Files\exceptions</Filter>
    </ClInclude>
  </ItemGroup>
  <ItemGroup>
    <ClCompile Include="dllmain.cpp">
      <Filter>Source Files</Filter>
    </ClCompile>
    <ClCompile Include="pch.cpp">
      <Filter>Source Files</Filter>
    </ClCompile>
    <ClCompile Include="logging\logger.cpp">
      <Filter>Source Files\logging</Filter>
    </ClCompile>
    <ClCompile Include="mem\proc.cpp">
      <Filter>Source Files\mem</Filter>
    </ClCompile>
    <ClCompile Include="mem\procmem.cpp">
      <Filter>Source Files\mem</Filter>
    </ClCompile>
  </ItemGroup>
</Project>